// !$*UTF8*$!
{
	archiveVersion = 1;
	classes = {
	};
	objectVersion = 50;
	objects = {

/* Begin PBXBuildFile section */
		01125D3724EF3E1E00A5FBBB /* AppDelegate.swift in Sources */ = {isa = PBXBuildFile; fileRef = 01125D3624EF3E1E00A5FBBB /* AppDelegate.swift */; };
		01125D3924EF3E1E00A5FBBB /* SceneDelegate.swift in Sources */ = {isa = PBXBuildFile; fileRef = 01125D3824EF3E1E00A5FBBB /* SceneDelegate.swift */; };
		01125D3B24EF3E1E00A5FBBB /* ViewController.swift in Sources */ = {isa = PBXBuildFile; fileRef = 01125D3A24EF3E1E00A5FBBB /* ViewController.swift */; };
		01125D3E24EF3E1E00A5FBBB /* Main.storyboard in Resources */ = {isa = PBXBuildFile; fileRef = 01125D3C24EF3E1E00A5FBBB /* Main.storyboard */; };
		01125D4024EF3E2000A5FBBB /* Assets.xcassets in Resources */ = {isa = PBXBuildFile; fileRef = 01125D3F24EF3E2000A5FBBB /* Assets.xcassets */; };
		01125D4324EF3E2000A5FBBB /* LaunchScreen.storyboard in Resources */ = {isa = PBXBuildFile; fileRef = 01125D4124EF3E2000A5FBBB /* LaunchScreen.storyboard */; };
		01125D4824EF3E2000A5FBBB /* ClassTest1 WatchKit App.app in Embed Watch Content */ = {isa = PBXBuildFile; fileRef = 01125D4724EF3E2000A5FBBB /* ClassTest1 WatchKit App.app */; settings = {ATTRIBUTES = (RemoveHeadersOnCopy, ); }; };
		01125D4E24EF3E2000A5FBBB /* Interface.storyboard in Resources */ = {isa = PBXBuildFile; fileRef = 01125D4C24EF3E2000A5FBBB /* Interface.storyboard */; };
		01125D5024EF3E2100A5FBBB /* Assets.xcassets in Resources */ = {isa = PBXBuildFile; fileRef = 01125D4F24EF3E2100A5FBBB /* Assets.xcassets */; };
		01125D5724EF3E2100A5FBBB /* ClassTest1 WatchKit Extension.appex in Embed App Extensions */ = {isa = PBXBuildFile; fileRef = 01125D5624EF3E2100A5FBBB /* ClassTest1 WatchKit Extension.appex */; settings = {ATTRIBUTES = (RemoveHeadersOnCopy, ); }; };
		01125D5C24EF3E2100A5FBBB /* InterfaceController.swift in Sources */ = {isa = PBXBuildFile; fileRef = 01125D5B24EF3E2100A5FBBB /* InterfaceController.swift */; };
		01125D5E24EF3E2100A5FBBB /* ExtensionDelegate.swift in Sources */ = {isa = PBXBuildFile; fileRef = 01125D5D24EF3E2100A5FBBB /* ExtensionDelegate.swift */; };
		01125D6024EF3E2100A5FBBB /* NotificationController.swift in Sources */ = {isa = PBXBuildFile; fileRef = 01125D5F24EF3E2100A5FBBB /* NotificationController.swift */; };
		01125D6224EF3E2100A5FBBB /* Assets.xcassets in Resources */ = {isa = PBXBuildFile; fileRef = 01125D6124EF3E2100A5FBBB /* Assets.xcassets */; };
		01125D7524EF4E0A00A5FBBB /* unknown.png in Resources */ = {isa = PBXBuildFile; fileRef = 01125D7224EF4E0A00A5FBBB /* unknown.png */; };
		01125D7624EF4E0A00A5FBBB /* unknown.png in Resources */ = {isa = PBXBuildFile; fileRef = 01125D7224EF4E0A00A5FBBB /* unknown.png */; };
		01125D7724EF4E0A00A5FBBB /* male.png in Resources */ = {isa = PBXBuildFile; fileRef = 01125D7324EF4E0A00A5FBBB /* male.png */; };
		01125D7824EF4E0A00A5FBBB /* male.png in Resources */ = {isa = PBXBuildFile; fileRef = 01125D7324EF4E0A00A5FBBB /* male.png */; };
		01125D7924EF4E0A00A5FBBB /* female.png in Resources */ = {isa = PBXBuildFile; fileRef = 01125D7424EF4E0A00A5FBBB /* female.png */; };
		01125D7A24EF4E0A00A5FBBB /* female.png in Resources */ = {isa = PBXBuildFile; fileRef = 01125D7424EF4E0A00A5FBBB /* female.png */; };
/* End PBXBuildFile section */

/* Begin PBXContainerItemProxy section */
		01125D4924EF3E2000A5FBBB /* PBXContainerItemProxy */ = {
			isa = PBXContainerItemProxy;
			containerPortal = 01125D2B24EF3E1E00A5FBBB /* Project object */;
			proxyType = 1;
			remoteGlobalIDString = 01125D4624EF3E2000A5FBBB;
			remoteInfo = "ClassTest1 WatchKit App";
		};
		01125D5824EF3E2100A5FBBB /* PBXContainerItemProxy */ = {
			isa = PBXContainerItemProxy;
			containerPortal = 01125D2B24EF3E1E00A5FBBB /* Project object */;
			proxyType = 1;
			remoteGlobalIDString = 01125D5524EF3E2100A5FBBB;
			remoteInfo = "ClassTest1 WatchKit Extension";
		};
/* End PBXContainerItemProxy section */

/* Begin PBXCopyFilesBuildPhase section */
		01125D6A24EF3E2100A5FBBB /* Embed App Extensions */ = {
			isa = PBXCopyFilesBuildPhase;
			buildActionMask = 2147483647;
			dstPath = "";
			dstSubfolderSpec = 13;
			files = (
				01125D5724EF3E2100A5FBBB /* ClassTest1 WatchKit Extension.appex in Embed App Extensions */,
			);
			name = "Embed App Extensions";
			runOnlyForDeploymentPostprocessing = 0;
		};
		01125D6E24EF3E2100A5FBBB /* Embed Watch Content */ = {
			isa = PBXCopyFilesBuildPhase;
			buildActionMask = 2147483647;
			dstPath = "$(CONTENTS_FOLDER_PATH)/Watch";
			dstSubfolderSpec = 16;
			files = (
				01125D4824EF3E2000A5FBBB /* ClassTest1 WatchKit App.app in Embed Watch Content */,
			);
			name = "Embed Watch Content";
			runOnlyForDeploymentPostprocessing = 0;
		};
/* End PBXCopyFilesBuildPhase section */

/* Begin PBXFileReference section */
		01125D3324EF3E1E00A5FBBB /* ClassTest1.app */ = {isa = PBXFileReference; explicitFileType = wrapper.application; includeInIndex = 0; path = ClassTest1.app; sourceTree = BUILT_PRODUCTS_DIR; };
		01125D3624EF3E1E00A5FBBB /* AppDelegate.swift */ = {isa = PBXFileReference; lastKnownFileType = sourcecode.swift; path = AppDelegate.swift; sourceTree = "<group>"; };
		01125D3824EF3E1E00A5FBBB /* SceneDelegate.swift */ = {isa = PBXFileReference; lastKnownFileType = sourcecode.swift; path = SceneDelegate.swift; sourceTree = "<group>"; };
		01125D3A24EF3E1E00A5FBBB /* ViewController.swift */ = {isa = PBXFileReference; lastKnownFileType = sourcecode.swift; path = ViewController.swift; sourceTree = "<group>"; };
		01125D3D24EF3E1E00A5FBBB /* Base */ = {isa = PBXFileReference; lastKnownFileType = file.storyboard; name = Base; path = Base.lproj/Main.storyboard; sourceTree = "<group>"; };
		01125D3F24EF3E2000A5FBBB /* Assets.xcassets */ = {isa = PBXFileReference; lastKnownFileType = folder.assetcatalog; path = Assets.xcassets; sourceTree = "<group>"; };
		01125D4224EF3E2000A5FBBB /* Base */ = {isa = PBXFileReference; lastKnownFileType = file.storyboard; name = Base; path = Base.lproj/LaunchScreen.storyboard; sourceTree = "<group>"; };
		01125D4424EF3E2000A5FBBB /* Info.plist */ = {isa = PBXFileReference; lastKnownFileType = text.plist.xml; path = Info.plist; sourceTree = "<group>"; };
		01125D4724EF3E2000A5FBBB /* ClassTest1 WatchKit App.app */ = {isa = PBXFileReference; explicitFileType = wrapper.application; includeInIndex = 0; path = "ClassTest1 WatchKit App.app"; sourceTree = BUILT_PRODUCTS_DIR; };
		01125D4D24EF3E2000A5FBBB /* Base */ = {isa = PBXFileReference; lastKnownFileType = file.storyboard; name = Base; path = Base.lproj/Interface.storyboard; sourceTree = "<group>"; };
		01125D4F24EF3E2100A5FBBB /* Assets.xcassets */ = {isa = PBXFileReference; lastKnownFileType = folder.assetcatalog; path = Assets.xcassets; sourceTree = "<group>"; };
		01125D5124EF3E2100A5FBBB /* Info.plist */ = {isa = PBXFileReference; lastKnownFileType = text.plist.xml; path = Info.plist; sourceTree = "<group>"; };
		01125D5624EF3E2100A5FBBB /* ClassTest1 WatchKit Extension.appex */ = {isa = PBXFileReference; explicitFileType = "wrapper.app-extension"; includeInIndex = 0; path = "ClassTest1 WatchKit Extension.appex"; sourceTree = BUILT_PRODUCTS_DIR; };
		01125D5B24EF3E2100A5FBBB /* InterfaceController.swift */ = {isa = PBXFileReference; lastKnownFileType = sourcecode.swift; path = InterfaceController.swift; sourceTree = "<group>"; };
		01125D5D24EF3E2100A5FBBB /* ExtensionDelegate.swift */ = {isa = PBXFileReference; lastKnownFileType = sourcecode.swift; path = ExtensionDelegate.swift; sourceTree = "<group>"; };
		01125D5F24EF3E2100A5FBBB /* NotificationController.swift */ = {isa = PBXFileReference; lastKnownFileType = sourcecode.swift; path = NotificationController.swift; sourceTree = "<group>"; };
		01125D6124EF3E2100A5FBBB /* Assets.xcassets */ = {isa = PBXFileReference; lastKnownFileType = folder.assetcatalog; path = Assets.xcassets; sourceTree = "<group>"; };
		01125D6324EF3E2100A5FBBB /* Info.plist */ = {isa = PBXFileReference; lastKnownFileType = text.plist.xml; path = Info.plist; sourceTree = "<group>"; };
		01125D6424EF3E2100A5FBBB /* PushNotificationPayload.apns */ = {isa = PBXFileReference; lastKnownFileType = text; path = PushNotificationPayload.apns; sourceTree = "<group>"; };
		01125D7224EF4E0A00A5FBBB /* unknown.png */ = {isa = PBXFileReference; lastKnownFileType = image.png; path = unknown.png; sourceTree = "<group>"; };
		01125D7324EF4E0A00A5FBBB /* male.png */ = {isa = PBXFileReference; lastKnownFileType = image.png; path = male.png; sourceTree = "<group>"; };
		01125D7424EF4E0A00A5FBBB /* female.png */ = {isa = PBXFileReference; lastKnownFileType = image.png; path = female.png; sourceTree = "<group>"; };
/* End PBXFileReference section */

/* Begin PBXFrameworksBuildPhase section */
		01125D3024EF3E1E00A5FBBB /* Frameworks */ = {
			isa = PBXFrameworksBuildPhase;
			buildActionMask = 2147483647;
			files = (
			);
			runOnlyForDeploymentPostprocessing = 0;
		};
		01125D5324EF3E2100A5FBBB /* Frameworks */ = {
			isa = PBXFrameworksBuildPhase;
			buildActionMask = 2147483647;
			files = (
			);
			runOnlyForDeploymentPostprocessing = 0;
		};
/* End PBXFrameworksBuildPhase section */

/* Begin PBXGroup section */
		01125D2A24EF3E1E00A5FBBB = {
			isa = PBXGroup;
			children = (
				01125D3524EF3E1E00A5FBBB /* ClassTest1 */,
				01125D4B24EF3E2000A5FBBB /* ClassTest1 WatchKit App */,
				01125D5A24EF3E2100A5FBBB /* ClassTest1 WatchKit Extension */,
				01125D3424EF3E1E00A5FBBB /* Products */,
			);
			sourceTree = "<group>";
		};
		01125D3424EF3E1E00A5FBBB /* Products */ = {
			isa = PBXGroup;
			children = (
				01125D3324EF3E1E00A5FBBB /* ClassTest1.app */,
				01125D4724EF3E2000A5FBBB /* ClassTest1 WatchKit App.app */,
				01125D5624EF3E2100A5FBBB /* ClassTest1 WatchKit Extension.appex */,
			);
			name = Products;
			sourceTree = "<group>";
		};
		01125D3524EF3E1E00A5FBBB /* ClassTest1 */ = {
			isa = PBXGroup;
			children = (
				01125D7424EF4E0A00A5FBBB /* female.png */,
				01125D7324EF4E0A00A5FBBB /* male.png */,
				01125D7224EF4E0A00A5FBBB /* unknown.png */,
				01125D3624EF3E1E00A5FBBB /* AppDelegate.swift */,
				01125D3824EF3E1E00A5FBBB /* SceneDelegate.swift */,
				01125D3A24EF3E1E00A5FBBB /* ViewController.swift */,
				01125D3C24EF3E1E00A5FBBB /* Main.storyboard */,
				01125D3F24EF3E2000A5FBBB /* Assets.xcassets */,
				01125D4124EF3E2000A5FBBB /* LaunchScreen.storyboard */,
				01125D4424EF3E2000A5FBBB /* Info.plist */,
			);
			path = ClassTest1;
			sourceTree = "<group>";
		};
		01125D4B24EF3E2000A5FBBB /* ClassTest1 WatchKit App */ = {
			isa = PBXGroup;
			children = (
				01125D4C24EF3E2000A5FBBB /* Interface.storyboard */,
				01125D4F24EF3E2100A5FBBB /* Assets.xcassets */,
				01125D5124EF3E2100A5FBBB /* Info.plist */,
			);
			path = "ClassTest1 WatchKit App";
			sourceTree = "<group>";
		};
		01125D5A24EF3E2100A5FBBB /* ClassTest1 WatchKit Extension */ = {
			isa = PBXGroup;
			children = (
				01125D5B24EF3E2100A5FBBB /* InterfaceController.swift */,
				01125D5D24EF3E2100A5FBBB /* ExtensionDelegate.swift */,
				01125D5F24EF3E2100A5FBBB /* NotificationController.swift */,
				01125D6124EF3E2100A5FBBB /* Assets.xcassets */,
				01125D6324EF3E2100A5FBBB /* Info.plist */,
				01125D6424EF3E2100A5FBBB /* PushNotificationPayload.apns */,
			);
			path = "ClassTest1 WatchKit Extension";
			sourceTree = "<group>";
		};
/* End PBXGroup section */

/* Begin PBXNativeTarget section */
		01125D3224EF3E1E00A5FBBB /* ClassTest1 */ = {
			isa = PBXNativeTarget;
			buildConfigurationList = 01125D6F24EF3E2100A5FBBB /* Build configuration list for PBXNativeTarget "ClassTest1" */;
			buildPhases = (
				01125D2F24EF3E1E00A5FBBB /* Sources */,
				01125D3024EF3E1E00A5FBBB /* Frameworks */,
				01125D3124EF3E1E00A5FBBB /* Resources */,
				01125D6E24EF3E2100A5FBBB /* Embed Watch Content */,
			);
			buildRules = (
			);
			dependencies = (
				01125D4A24EF3E2000A5FBBB /* PBXTargetDependency */,
			);
			name = ClassTest1;
			productName = ClassTest1;
			productReference = 01125D3324EF3E1E00A5FBBB /* ClassTest1.app */;
			productType = "com.apple.product-type.application";
		};
		01125D4624EF3E2000A5FBBB /* ClassTest1 WatchKit App */ = {
			isa = PBXNativeTarget;
			buildConfigurationList = 01125D6B24EF3E2100A5FBBB /* Build configuration list for PBXNativeTarget "ClassTest1 WatchKit App" */;
			buildPhases = (
				01125D4524EF3E2000A5FBBB /* Resources */,
				01125D6A24EF3E2100A5FBBB /* Embed App Extensions */,
			);
			buildRules = (
			);
			dependencies = (
				01125D5924EF3E2100A5FBBB /* PBXTargetDependency */,
			);
			name = "ClassTest1 WatchKit App";
			productName = "ClassTest1 WatchKit App";
			productReference = 01125D4724EF3E2000A5FBBB /* ClassTest1 WatchKit App.app */;
			productType = "com.apple.product-type.application.watchapp2";
		};
		01125D5524EF3E2100A5FBBB /* ClassTest1 WatchKit Extension */ = {
			isa = PBXNativeTarget;
			buildConfigurationList = 01125D6724EF3E2100A5FBBB /* Build configuration list for PBXNativeTarget "ClassTest1 WatchKit Extension" */;
			buildPhases = (
				01125D5224EF3E2100A5FBBB /* Sources */,
				01125D5324EF3E2100A5FBBB /* Frameworks */,
				01125D5424EF3E2100A5FBBB /* Resources */,
			);
			buildRules = (
			);
			dependencies = (
			);
			name = "ClassTest1 WatchKit Extension";
			productName = "ClassTest1 WatchKit Extension";
			productReference = 01125D5624EF3E2100A5FBBB /* ClassTest1 WatchKit Extension.appex */;
			productType = "com.apple.product-type.watchkit2-extension";
		};
/* End PBXNativeTarget section */

/* Begin PBXProject section */
		01125D2B24EF3E1E00A5FBBB /* Project object */ = {
			isa = PBXProject;
			attributes = {
				LastSwiftUpdateCheck = 1120;
				LastUpgradeCheck = 1120;
				ORGANIZATIONNAME = "Sidharth Nayyar";
				TargetAttributes = {
					01125D3224EF3E1E00A5FBBB = {
						CreatedOnToolsVersion = 11.2;
					};
					01125D4624EF3E2000A5FBBB = {
						CreatedOnToolsVersion = 11.2;
					};
					01125D5524EF3E2100A5FBBB = {
						CreatedOnToolsVersion = 11.2;
					};
				};
			};
			buildConfigurationList = 01125D2E24EF3E1E00A5FBBB /* Build configuration list for PBXProject "ClassTest1" */;
			compatibilityVersion = "Xcode 9.3";
			developmentRegion = en;
			hasScannedForEncodings = 0;
			knownRegions = (
				en,
				Base,
			);
			mainGroup = 01125D2A24EF3E1E00A5FBBB;
			productRefGroup = 01125D3424EF3E1E00A5FBBB /* Products */;
			projectDirPath = "";
			projectRoot = "";
			targets = (
				01125D3224EF3E1E00A5FBBB /* ClassTest1 */,
				01125D4624EF3E2000A5FBBB /* ClassTest1 WatchKit App */,
				01125D5524EF3E2100A5FBBB /* ClassTest1 WatchKit Extension */,
			);
		};
/* End PBXProject section */

/* Begin PBXResourcesBuildPhase section */
		01125D3124EF3E1E00A5FBBB /* Resources */ = {
			isa = PBXResourcesBuildPhase;
			buildActionMask = 2147483647;
			files = (
				01125D4324EF3E2000A5FBBB /* LaunchScreen.storyboard in Resources */,
				01125D7724EF4E0A00A5FBBB /* male.png in Resources */,
				01125D4024EF3E2000A5FBBB /* Assets.xcassets in Resources */,
				01125D7524EF4E0A00A5FBBB /* unknown.png in Resources */,
				01125D3E24EF3E1E00A5FBBB /* Main.storyboard in Resources */,
				01125D7924EF4E0A00A5FBBB /* female.png in Resources */,
			);
			runOnlyForDeploymentPostprocessing = 0;
		};
		01125D4524EF3E2000A5FBBB /* Resources */ = {
			isa = PBXResourcesBuildPhase;
			buildActionMask = 2147483647;
			files = (
				01125D7624EF4E0A00A5FBBB /* unknown.png in Resources */,
				01125D5024EF3E2100A5FBBB /* Assets.xcassets in Resources */,
				01125D7A24EF4E0A00A5FBBB /* female.png in Resources */,
				01125D7824EF4E0A00A5FBBB /* male.png in Resources */,
				01125D4E24EF3E2000A5FBBB /* Interface.storyboard in Resources */,
			);
			runOnlyForDeploymentPostprocessing = 0;
		};
		01125D5424EF3E2100A5FBBB /* Resources */ = {
			isa = PBXResourcesBuildPhase;
			buildActionMask = 2147483647;
			files = (
				01125D6224EF3E2100A5FBBB /* Assets.xcassets in Resources */,
			);
			runOnlyForDeploymentPostprocessing = 0;
		};
/* End PBXResourcesBuildPhase section */

/* Begin PBXSourcesBuildPhase section */
		01125D2F24EF3E1E00A5FBBB /* Sources */ = {
			isa = PBXSourcesBuildPhase;
			buildActionMask = 2147483647;
			files = (
				01125D3B24EF3E1E00A5FBBB /* ViewController.swift in Sources */,
				01125D3724EF3E1E00A5FBBB /* AppDelegate.swift in Sources */,
				01125D3924EF3E1E00A5FBBB /* SceneDelegate.swift in Sources */,
			);
			runOnlyForDeploymentPostprocessing = 0;
		};
		01125D5224EF3E2100A5FBBB /* Sources */ = {
			isa = PBXSourcesBuildPhase;
			buildActionMask = 2147483647;
			files = (
				01125D6024EF3E2100A5FBBB /* NotificationController.swift in Sources */,
				01125D5E24EF3E2100A5FBBB /* ExtensionDelegate.swift in Sources */,
				01125D5C24EF3E2100A5FBBB /* InterfaceController.swift in Sources */,
			);
			runOnlyForDeploymentPostprocessing = 0;
		};
/* End PBXSourcesBuildPhase section */

/* Begin PBXTargetDependency section */
		01125D4A24EF3E2000A5FBBB /* PBXTargetDependency */ = {
			isa = PBXTargetDependency;
			target = 01125D4624EF3E2000A5FBBB /* ClassTest1 WatchKit App */;
			targetProxy = 01125D4924EF3E2000A5FBBB /* PBXContainerItemProxy */;
		};
		01125D5924EF3E2100A5FBBB /* PBXTargetDependency */ = {
			isa = PBXTargetDependency;
			target = 01125D5524EF3E2100A5FBBB /* ClassTest1 WatchKit Extension */;
			targetProxy = 01125D5824EF3E2100A5FBBB /* PBXContainerItemProxy */;
		};
/* End PBXTargetDependency section */

/* Begin PBXVariantGroup section */
		01125D3C24EF3E1E00A5FBBB /* Main.storyboard */ = {
			isa = PBXVariantGroup;
			children = (
				01125D3D24EF3E1E00A5FBBB /* Base */,
			);
			name = Main.storyboard;
			sourceTree = "<group>";
		};
		01125D4124EF3E2000A5FBBB /* LaunchScreen.storyboard */ = {
			isa = PBXVariantGroup;
			children = (
				01125D4224EF3E2000A5FBBB /* Base */,
			);
			name = LaunchScreen.storyboard;
			sourceTree = "<group>";
		};
		01125D4C24EF3E2000A5FBBB /* Interface.storyboard */ = {
			isa = PBXVariantGroup;
			children = (
				01125D4D24EF3E2000A5FBBB /* Base */,
			);
			name = Interface.storyboard;
			sourceTree = "<group>";
		};
/* End PBXVariantGroup section */

/* Begin XCBuildConfiguration section */
		01125D6524EF3E2100A5FBBB /* Debug */ = {
			isa = XCBuildConfiguration;
			buildSettings = {
				ALWAYS_SEARCH_USER_PATHS = NO;
				CLANG_ANALYZER_NONNULL = YES;
				CLANG_ANALYZER_NUMBER_OBJECT_CONVERSION = YES_AGGRESSIVE;
				CLANG_CXX_LANGUAGE_STANDARD = "gnu++14";
				CLANG_CXX_LIBRARY = "libc++";
				CLANG_ENABLE_MODULES = YES;
				CLANG_ENABLE_OBJC_ARC = YES;
				CLANG_ENABLE_OBJC_WEAK = YES;
				CLANG_WARN_BLOCK_CAPTURE_AUTORELEASING = YES;
				CLANG_WARN_BOOL_CONVERSION = YES;
				CLANG_WARN_COMMA = YES;
				CLANG_WARN_CONSTANT_CONVERSION = YES;
				CLANG_WARN_DEPRECATED_OBJC_IMPLEMENTATIONS = YES;
				CLANG_WARN_DIRECT_OBJC_ISA_USAGE = YES_ERROR;
				CLANG_WARN_DOCUMENTATION_COMMENTS = YES;
				CLANG_WARN_EMPTY_BODY = YES;
				CLANG_WARN_ENUM_CONVERSION = YES;
				CLANG_WARN_INFINITE_RECURSION = YES;
				CLANG_WARN_INT_CONVERSION = YES;
				CLANG_WARN_NON_LITERAL_NULL_CONVERSION = YES;
				CLANG_WARN_OBJC_IMPLICIT_RETAIN_SELF = YES;
				CLANG_WARN_OBJC_LITERAL_CONVERSION = YES;
				CLANG_WARN_OBJC_ROOT_CLASS = YES_ERROR;
				CLANG_WARN_RANGE_LOOP_ANALYSIS = YES;
				CLANG_WARN_STRICT_PROTOTYPES = YES;
				CLANG_WARN_SUSPICIOUS_MOVE = YES;
				CLANG_WARN_UNGUARDED_AVAILABILITY = YES_AGGRESSIVE;
				CLANG_WARN_UNREACHABLE_CODE = YES;
				CLANG_WARN__DUPLICATE_METHOD_MATCH = YES;
				COPY_PHASE_STRIP = NO;
				DEBUG_INFORMATION_FORMAT = dwarf;
				ENABLE_STRICT_OBJC_MSGSEND = YES;
				ENABLE_TESTABILITY = YES;
				GCC_C_LANGUAGE_STANDARD = gnu11;
				GCC_DYNAMIC_NO_PIC = NO;
				GCC_NO_COMMON_BLOCKS = YES;
				GCC_OPTIMIZATION_LEVEL = 0;
				GCC_PREPROCESSOR_DEFINITIONS = (
					"DEBUG=1",
					"$(inherited)",
				);
				GCC_WARN_64_TO_32_BIT_CONVERSION = YES;
				GCC_WARN_ABOUT_RETURN_TYPE = YES_ERROR;
				GCC_WARN_UNDECLARED_SELECTOR = YES;
				GCC_WARN_UNINITIALIZED_AUTOS = YES_AGGRESSIVE;
				GCC_WARN_UNUSED_FUNCTION = YES;
				GCC_WARN_UNUSED_VARIABLE = YES;
				IPHONEOS_DEPLOYMENT_TARGET = 13.2;
				MTL_ENABLE_DEBUG_INFO = INCLUDE_SOURCE;
				MTL_FAST_MATH = YES;
				ONLY_ACTIVE_ARCH = YES;
				SDKROOT = iphoneos;
				SWIFT_ACTIVE_COMPILATION_CONDITIONS = DEBUG;
				SWIFT_OPTIMIZATION_LEVEL = "-Onone";
			};
			name = Debug;
		};
		01125D6624EF3E2100A5FBBB /* Release */ = {
			isa = XCBuildConfiguration;
			buildSettings = {
				ALWAYS_SEARCH_USER_PATHS = NO;
				CLANG_ANALYZER_NONNULL = YES;
				CLANG_ANALYZER_NUMBER_OBJECT_CONVERSION = YES_AGGRESSIVE;
				CLANG_CXX_LANGUAGE_STANDARD = "gnu++14";
				CLANG_CXX_LIBRARY = "libc++";
				CLANG_ENABLE_MODULES = YES;
				CLANG_ENABLE_OBJC_ARC = YES;
				CLANG_ENABLE_OBJC_WEAK = YES;
				CLANG_WARN_BLOCK_CAPTURE_AUTORELEASING = YES;
				CLANG_WARN_BOOL_CONVERSION = YES;
				CLANG_WARN_COMMA = YES;
				CLANG_WARN_CONSTANT_CONVERSION = YES;
				CLANG_WARN_DEPRECATED_OBJC_IMPLEMENTATIONS = YES;
				CLANG_WARN_DIRECT_OBJC_ISA_USAGE = YES_ERROR;
				CLANG_WARN_DOCUMENTATION_COMMENTS = YES;
				CLANG_WARN_EMPTY_BODY = YES;
				CLANG_WARN_ENUM_CONVERSION = YES;
				CLANG_WARN_INFINITE_RECURSION = YES;
				CLANG_WARN_INT_CONVERSION = YES;
				CLANG_WARN_NON_LITERAL_NULL_CONVERSION = YES;
				CLANG_WARN_OBJC_IMPLICIT_RETAIN_SELF = YES;
				CLANG_WARN_OBJC_LITERAL_CONVERSION = YES;
				CLANG_WARN_OBJC_ROOT_CLASS = YES_ERROR;
				CLANG_WARN_RANGE_LOOP_ANALYSIS = YES;
				CLANG_WARN_STRICT_PROTOTYPES = YES;
				CLANG_WARN_SUSPICIOUS_MOVE = YES;
				CLANG_WARN_UNGUARDED_AVAILABILITY = YES_AGGRESSIVE;
				CLANG_WARN_UNREACHABLE_CODE = YES;
				CLANG_WARN__DUPLICATE_METHOD_MATCH = YES;
				COPY_PHASE_STRIP = NO;
				DEBUG_INFORMATION_FORMAT = "dwarf-with-dsym";
				ENABLE_NS_ASSERTIONS = NO;
				ENABLE_STRICT_OBJC_MSGSEND = YES;
				GCC_C_LANGUAGE_STANDARD = gnu11;
				GCC_NO_COMMON_BLOCKS = YES;
				GCC_WARN_64_TO_32_BIT_CONVERSION = YES;
				GCC_WARN_ABOUT_RETURN_TYPE = YES_ERROR;
				GCC_WARN_UNDECLARED_SELECTOR = YES;
				GCC_WARN_UNINITIALIZED_AUTOS = YES_AGGRESSIVE;
				GCC_WARN_UNUSED_FUNCTION = YES;
				GCC_WARN_UNUSED_VARIABLE = YES;
				IPHONEOS_DEPLOYMENT_TARGET = 13.2;
				MTL_ENABLE_DEBUG_INFO = NO;
				MTL_FAST_MATH = YES;
				SDKROOT = iphoneos;
				SWIFT_COMPILATION_MODE = wholemodule;
				SWIFT_OPTIMIZATION_LEVEL = "-O";
				VALIDATE_PRODUCT = YES;
			};
			name = Release;
		};
		01125D6824EF3E2100A5FBBB /* Debug */ = {
			isa = XCBuildConfiguration;
			buildSettings = {
				ASSETCATALOG_COMPILER_COMPLICATION_NAME = Complication;
				CODE_SIGN_STYLE = Automatic;
				DEVELOPMENT_TEAM = Q64XSG4U5Q;
				INFOPLIST_FILE = "ClassTest1 WatchKit Extension/Info.plist";
				LD_RUNPATH_SEARCH_PATHS = (
					"$(inherited)",
					"@executable_path/Frameworks",
					"@executable_path/../../Frameworks",
				);
				PRODUCT_BUNDLE_IDENTIFIER = com.lambton.ClassTest1.watchkitapp.watchkitextension;
				PRODUCT_NAME = "${TARGET_NAME}";
				SDKROOT = watchos;
				SKIP_INSTALL = YES;
				SWIFT_VERSION = 5.0;
				TARGETED_DEVICE_FAMILY = 4;
				WATCHOS_DEPLOYMENT_TARGET = 6.1;
			};
			name = Debug;
		};
		01125D6924EF3E2100A5FBBB /* Release */ = {
			isa = XCBuildConfiguration;
			buildSettings = {
				ASSETCATALOG_COMPILER_COMPLICATION_NAME = Complication;
				CODE_SIGN_STYLE = Automatic;
				DEVELOPMENT_TEAM = Q64XSG4U5Q;
				INFOPLIST_FILE = "ClassTest1 WatchKit Extension/Info.plist";
				LD_RUNPATH_SEARCH_PATHS = (
					"$(inherited)",
					"@executable_path/Frameworks",
					"@executable_path/../../Frameworks",
				);
				PRODUCT_BUNDLE_IDENTIFIER = com.lambton.ClassTest1.watchkitapp.watchkitextension;
				PRODUCT_NAME = "${TARGET_NAME}";
				SDKROOT = watchos;
				SKIP_INSTALL = YES;
				SWIFT_VERSION = 5.0;
				TARGETED_DEVICE_FAMILY = 4;
				WATCHOS_DEPLOYMENT_TARGET = 6.1;
			};
			name = Release;
		};
		01125D6C24EF3E2100A5FBBB /* Debug */ = {
			isa = XCBuildConfiguration;
			buildSettings = {
				ALWAYS_EMBED_SWIFT_STANDARD_LIBRARIES = YES;
				ASSETCATALOG_COMPILER_APPICON_NAME = AppIcon;
				CODE_SIGN_STYLE = Automatic;
				DEVELOPMENT_TEAM = Q64XSG4U5Q;
				IBSC_MODULE = ClassTest1_WatchKit_Extension;
				INFOPLIST_FILE = "ClassTest1 WatchKit App/Info.plist";
				PRODUCT_BUNDLE_IDENTIFIER = com.lambton.ClassTest1.watchkitapp;
				PRODUCT_NAME = "$(TARGET_NAME)";
				SDKROOT = watchos;
				SKIP_INSTALL = YES;
				SWIFT_VERSION = 5.0;
				TARGETED_DEVICE_FAMILY = 4;
				WATCHOS_DEPLOYMENT_TARGET = 6.1;
			};
			name = Debug;
		};
		01125D6D24EF3E2100A5FBBB /* Release */ = {
			isa = XCBuildConfiguration;
			buildSettings = {
				ALWAYS_EMBED_SWIFT_STANDARD_LIBRARIES = YES;
				ASSETCATALOG_COMPILER_APPICON_NAME = AppIcon;
				CODE_SIGN_STYLE = Automatic;
				DEVELOPMENT_TEAM = Q64XSG4U5Q;
				IBSC_MODULE = ClassTest1_WatchKit_Extension;
				INFOPLIST_FILE = "ClassTest1 WatchKit App/Info.plist";
				PRODUCT_BUNDLE_IDENTIFIER = com.lambton.ClassTest1.watchkitapp;
				PRODUCT_NAME = "$(TARGET_NAME)";
				SDKROOT = watchos;
				SKIP_INSTALL = YES;
				SWIFT_VERSION = 5.0;
				TARGETED_DEVICE_FAMILY = 4;
				WATCHOS_DEPLOYMENT_TARGET = 6.1;
			};
			name = Release;
		};
		01125D7024EF3E2100A5FBBB /* Debug */ = {
			isa = XCBuildConfiguration;
			buildSettings = {
				ASSETCATALOG_COMPILER_APPICON_NAME = AppIcon;
				CODE_SIGN_STYLE = Automatic;
				DEVELOPMENT_TEAM = Q64XSG4U5Q;
				INFOPLIST_FILE = ClassTest1/Info.plist;
				LD_RUNPATH_SEARCH_PATHS = (
					"$(inherited)",
					"@executable_path/Frameworks",
				);
				PRODUCT_BUNDLE_IDENTIFIER = com.lambton.ClassTest1;
				PRODUCT_NAME = "$(TARGET_NAME)";
				SWIFT_VERSION = 5.0;
				TARGETED_DEVICE_FAMILY = "1,2";
			};
			name = Debug;
		};
		01125D7124EF3E2100A5FBBB /* Release */ = {
			isa = XCBuildConfiguration;
			buildSettings = {
				ASSETCATALOG_COMPILER_APPICON_NAME = AppIcon;
				CODE_SIGN_STYLE = Automatic;
				DEVELOPMENT_TEAM = Q64XSG4U5Q;
				INFOPLIST_FILE = ClassTest1/Info.plist;
				LD_RUNPATH_SEARCH_PATHS = (
					"$(inherited)",
					"@executable_path/Frameworks",
				);
				PRODUCT_BUNDLE_IDENTIFIER = com.lambton.ClassTest1;
				PRODUCT_NAME = "$(TARGET_NAME)";
				SWIFT_VERSION = 5.0;
				TARGETED_DEVICE_FAMILY = "1,2";
			};
			name = Release;
		};
/* End XCBuildConfiguration section */

/* Begin XCConfigurationList section */
		01125D2E24EF3E1E00A5FBBB /* Build configuration list for PBXProject "ClassTest1" */ = {
			isa = XCConfigurationList;
			buildConfigurations = (
				01125D6524EF3E2100A5FBBB /* Debug */,
				01125D6624EF3E2100A5FBBB /* Release */,
			);
			defaultConfigurationIsVisible = 0;
			defaultConfigurationName = Release;
		};
		01125D6724EF3E2100A5FBBB /* Build configuration list for PBXNativeTarget "ClassTest1 WatchKit Extension" */ = {
			isa = XCConfigurationList;
			buildConfigurations = (
				01125D6824EF3E2100A5FBBB /* Debug */,
				01125D6924EF3E2100A5FBBB /* Release */,
			);
			defaultConfigurationIsVisible = 0;
			defaultConfigurationName = Release;
		};
		01125D6B24EF3E2100A5FBBB /* Build configuration list for PBXNativeTarget "ClassTest1 WatchKit App" */ = {
			isa = XCConfigurationList;
			buildConfigurations = (
				01125D6C24EF3E2100A5FBBB /* Debug */,
				01125D6D24EF3E2100A5FBBB /* Release */,
			);
			defaultConfigurationIsVisible = 0;
			defaultConfigurationName = Release;
		};
		01125D6F24EF3E2100A5FBBB /* Build configuration list for PBXNativeTarget "ClassTest1" */ = {
			isa = XCConfigurationList;
			buildConfigurations = (
				01125D7024EF3E2100A5FBBB /* Debug */,
				01125D7124EF3E2100A5FBBB /* Release */,
			);
			defaultConfigurationIsVisible = 0;
			defaultConfigurationName = Release;
		};
/* End XCConfigurationList section */
	};
	rootObject = 01125D2B24EF3E1E00A5FBBB /* Project object */;
}
